
Microsoft Visual Studio Solution File, Format Version 12.00
# Visual Studio Version 17
VisualStudioVersion = 17.14.36811.4 d17.14
MinimumVisualStudioVersion = 10.0.40219.1
Project("{FAE04EC0-301F-11D3-BF4B-00C04F79EFBC}") = "DemoPruebaEnrutamiento", "DemoPruebaEnrutamiento\DemoPruebaEnrutamiento.csproj", "{1D6CBC69-2F5C-4064-9F65-38726F6B30FA}"
EndProject
Project("{2150E333-8FDC-42A3-9474-1A3956D46DE8}") = "Application", "Application", "{02EA681E-C7D8-13C7-8484-4AC65E1B71E8}"
EndProject
Project("{2150E333-8FDC-42A3-9474-1A3956D46DE8}") = "Domain", "Domain", "{DD866B8A-A234-4B55-9A84-3959572B0177}"
EndProject
Project("{2150E333-8FDC-42A3-9474-1A3956D46DE8}") = "Infraestructure", "Infraestructure", "{646F7B0A-5652-459D-B4FA-92A3C155E6F4}"
EndProject
Project("{FAE04EC0-301F-11D3-BF4B-00C04F79EFBC}") = "DemoPruebasEnrutamiento.Application", "DemoPruebasEnrutamiento.Application\DemoPruebasEnrutamiento.Application.csproj", "{1EE2D53A-0718-48A4-8B8E-FB534691BDFB}"
EndProject
Project("{FAE04EC0-301F-11D3-BF4B-00C04F79EFBC}") = "DemoPruebasEnrutamiento.Domain", "DemoPruebasEnrutamiento.Domain\DemoPruebasEnrutamiento.Domain.csproj", "{93E212C1-484A-48A1-8B49-FEC6D4D77383}"
EndProject
Project("{FAE04EC0-301F-11D3-BF4B-00C04F79EFBC}") = "DemoPruebasEnrutamiento.Infraestructure", "DemoPruebasEnrutamiento.Infraestructure\DemoPruebasEnrutamiento.Infraestructure.csproj", "{19CCE21A-8014-4C75-9B62-431C6153AFDD}"
EndProject
Global
	GlobalSection(SolutionConfigurationPlatforms) = preSolution
		Debug|Any CPU = Debug|Any CPU
		Release|Any CPU = Release|Any CPU
	EndGlobalSection
	GlobalSection(ProjectConfigurationPlatforms) = postSolution
		{1D6CBC69-2F5C-4064-9F65-38726F6B30FA}.Debug|Any CPU.ActiveCfg = Debug|Any CPU
		{1D6CBC69-2F5C-4064-9F65-38726F6B30FA}.Debug|Any CPU.Build.0 = Debug|Any CPU
		{1D6CBC69-2F5C-4064-9F65-38726F6B30FA}.Release|Any CPU.ActiveCfg = Release|Any CPU
		{1D6CBC69-2F5C-4064-9F65-38726F6B30FA}.Release|Any CPU.Build.0 = Release|Any CPU
		{1EE2D53A-0718-48A4-8B8E-FB534691BDFB}.Debug|Any CPU.ActiveCfg = Debug|Any CPU
		{1EE2D53A-0718-48A4-8B8E-FB534691BDFB}.Debug|Any CPU.Build.0 = Debug|Any CPU
		{1EE2D53A-0718-48A4-8B8E-FB534691BDFB}.Release|Any CPU.ActiveCfg = Release|Any CPU
		{1EE2D53A-0718-48A4-8B8E-FB534691BDFB}.Release|Any CPU.Build.0 = Release|Any CPU
		{93E212C1-484A-48A1-8B49-FEC6D4D77383}.Debug|Any CPU.ActiveCfg = Debug|Any CPU
		{93E212C1-484A-48A1-8B49-FEC6D4D77383}.Debug|Any CPU.Build.0 = Debug|Any CPU
		{93E212C1-484A-48A1-8B49-FEC6D4D77383}.Release|Any CPU.ActiveCfg = Release|Any CPU
		{93E212C1-484A-48A1-8B49-FEC6D4D77383}.Release|Any CPU.Build.0 = Release|Any CPU
		{19CCE21A-8014-4C75-9B62-431C6153AFDD}.Debug|Any CPU.ActiveCfg = Debug|Any CPU
		{19CCE21A-8014-4C75-9B62-431C6153AFDD}.Debug|Any CPU.Build.0 = Debug|Any CPU
		{19CCE21A-8014-4C75-9B62-431C6153AFDD}.Release|Any CPU.ActiveCfg = Release|Any CPU
		{19CCE21A-8014-4C75-9B62-431C6153AFDD}.Release|Any CPU.Build.0 = Release|Any CPU
	EndGlobalSection
	GlobalSection(SolutionProperties) = preSolution
		HideSolutionNode = FALSE
	EndGlobalSection
	GlobalSection(NestedProjects) = preSolution
		{1EE2D53A-0718-48A4-8B8E-FB534691BDFB} = {02EA681E-C7D8-13C7-8484-4AC65E1B71E8}
		{93E212C1-484A-48A1-8B49-FEC6D4D77383} = {DD866B8A-A234-4B55-9A84-3959572B0177}
		{19CCE21A-8014-4C75-9B62-431C6153AFDD} = {646F7B0A-5652-459D-B4FA-92A3C155E6F4}
	EndGlobalSection
	GlobalSection(ExtensibilityGlobals) = postSolution
		SolutionGuid = {6EBCC099-7062-4F04-8B3D-0768B6448AFC}
	EndGlobalSection
EndGlobal
